// !$*UTF8*$!
{
	archiveVersion = 1;
	classes = {
	};
	objectVersion = 46;
	objects = {

/* Begin PBXBuildFile section */
		72D361661A1C0D97009A633E /* AppDelegate.swift in Sources */ = {isa = PBXBuildFile; fileRef = 72D361651A1C0D97009A633E /* AppDelegate.swift */; };
		72D361681A1C0D97009A633E /* ViewController.swift in Sources */ = {isa = PBXBuildFile; fileRef = 72D361671A1C0D97009A633E /* ViewController.swift */; };
		72D3616B1A1C0D97009A633E /* Main.storyboard in Resources */ = {isa = PBXBuildFile; fileRef = 72D361691A1C0D97009A633E /* Main.storyboard */; };
		72D3616D1A1C0D97009A633E /* Images.xcassets in Resources */ = {isa = PBXBuildFile; fileRef = 72D3616C1A1C0D97009A633E /* Images.xcassets */; };
		72D361701A1C0D97009A633E /* LaunchScreen.xib in Resources */ = {isa = PBXBuildFile; fileRef = 72D3616E1A1C0D97009A633E /* LaunchScreen.xib */; };
		72D3617C1A1C0D97009A633E /* ShoeConverterTests.swift in Sources */ = {isa = PBXBuildFile; fileRef = 72D3617B1A1C0D97009A633E /* ShoeConverterTests.swift */; };
/* End PBXBuildFile section */

/* Begin PBXContainerItemProxy section */
		72D361761A1C0D97009A633E /* PBXContainerItemProxy */ = {
			isa = PBXContainerItemProxy;
			containerPortal = 72D361581A1C0D97009A633E /* Project object */;
			proxyType = 1;
			remoteGlobalIDString = 72D3615F1A1C0D97009A633E;
			remoteInfo = ShoeConverter;
		};
/* End PBXContainerItemProxy section */

/* Begin PBXFileReference section */
		72D361601A1C0D97009A633E /* ShoeConverter.app */ = {isa = PBXFileReference; explicitFileType = wrapper.application; includeInIndex = 0; path = ShoeConverter.app; sourceTree = BUILT_PRODUCTS_DIR; };
		72D361641A1C0D97009A633E /* Info.plist */ = {isa = PBXFileReference; lastKnownFileType = text.plist.xml; path = Info.plist; sourceTree = "<group>"; };
		72D361651A1C0D97009A633E /* AppDelegate.swift */ = {isa = PBXFileReference; lastKnownFileType = sourcecode.swift; path = AppDelegate.swift; sourceTree = "<group>"; };
		72D361671A1C0D97009A633E /* ViewController.swift */ = {isa = PBXFileReference; lastKnownFileType = sourcecode.swift; path = ViewController.swift; sourceTree = "<group>"; };
		72D3616A1A1C0D97009A633E /* Base */ = {isa = PBXFileReference; lastKnownFileType = file.storyboard; name = Base; path = Base.lproj/Main.storyboard; sourceTree = "<group>"; };
		72D3616C1A1C0D97009A633E /* Images.xcassets */ = {isa = PBXFileReference; lastKnownFileType = folder.assetcatalog; path = Images.xcassets; sourceTree = "<group>"; };
		72D3616F1A1C0D97009A633E /* Base */ = {isa = PBXFileReference; lastKnownFileType = file.xib; name = Base; path = Base.lproj/LaunchScreen.xib; sourceTree = "<group>"; };
		72D361751A1C0D97009A633E /* ShoeConverterTests.xctest */ = {isa = PBXFileReference; explicitFileType = wrapper.cfbundle; includeInIndex = 0; path = ShoeConverterTests.xctest; sourceTree = BUILT_PRODUCTS_DIR; };
		72D3617A1A1C0D97009A633E /* Info.plist */ = {isa = PBXFileReference; lastKnownFileType = text.plist.xml; path = Info.plist; sourceTree = "<group>"; };
		72D3617B1A1C0D97009A633E /* ShoeConverterTests.swift */ = {isa = PBXFileReference; lastKnownFileType = sourcecode.swift; path = ShoeConverterTests.swift; sourceTree = "<group>"; };
/* End PBXFileReference section */

/* Begin PBXFrameworksBuildPhase section */
		72D3615D1A1C0D97009A633E /* Frameworks */ = {
			isa = PBXFrameworksBuildPhase;
			buildActionMask = 2147483647;
			files = (
			);
			runOnlyForDeploymentPostprocessing = 0;
		};
		72D361721A1C0D97009A633E /* Frameworks */ = {
			isa = PBXFrameworksBuildPhase;
			buildActionMask = 2147483647;
			files = (
			);
			runOnlyForDeploymentPostprocessing = 0;
		};
/* End PBXFrameworksBuildPhase section */

/* Begin PBXGroup section */
		72D361571A1C0D97009A633E = {
			isa = PBXGroup;
			children = (
				72D361621A1C0D97009A633E /* ShoeConverter */,
				72D361781A1C0D97009A633E /* ShoeConverterTests */,
				72D361611A1C0D97009A633E /* Products */,
			);
			sourceTree = "<group>";
		};
		72D361611A1C0D97009A633E /* Products */ = {
			isa = PBXGroup;
			children = (
				72D361601A1C0D97009A633E /* ShoeConverter.app */,
				72D361751A1C0D97009A633E /* ShoeConverterTests.xctest */,
			);
			name = Products;
			sourceTree = "<group>";
		};
		72D361621A1C0D97009A633E /* ShoeConverter */ = {
			isa = PBXGroup;
			children = (
				72D361651A1C0D97009A633E /* AppDelegate.swift */,
				72D361671A1C0D97009A633E /* ViewController.swift */,
				72D361691A1C0D97009A633E /* Main.storyboard */,
				72D3616C1A1C0D97009A633E /* Images.xcassets */,
				72D3616E1A1C0D97009A633E /* LaunchScreen.xib */,
				72D361631A1C0D97009A633E /* Supporting Files */,
			);
			path = ShoeConverter;
			sourceTree = "<group>";
		};
		72D361631A1C0D97009A633E /* Supporting Files */ = {
			isa = PBXGroup;
			children = (
				72D361641A1C0D97009A633E /* Info.plist */,
			);
			name = "Supporting Files";
			sourceTree = "<group>";
		};
		72D361781A1C0D97009A633E /* ShoeConverterTests */ = {
			isa = PBXGroup;
			children = (
				72D3617B1A1C0D97009A633E /* ShoeConverterTests.swift */,
				72D361791A1C0D97009A633E /* Supporting Files */,
			);
			path = ShoeConverterTests;
			sourceTree = "<group>";
		};
		72D361791A1C0D97009A633E /* Supporting Files */ = {
			isa = PBXGroup;
			children = (
				72D3617A1A1C0D97009A633E /* Info.plist */,
			);
			name = "Supporting Files";
			sourceTree = "<group>";
		};
/* End PBXGroup section */

/* Begin PBXNativeTarget section */
		72D3615F1A1C0D97009A633E /* ShoeConverter */ = {
			isa = PBXNativeTarget;
			buildConfigurationList = 72D3617F1A1C0D97009A633E /* Build configuration list for PBXNativeTarget "ShoeConverter" */;
			buildPhases = (
				72D3615C1A1C0D97009A633E /* Sources */,
				72D3615D1A1C0D97009A633E /* Frameworks */,
				72D3615E1A1C0D97009A633E /* Resources */,
			);
			buildRules = (
			);
			dependencies = (
			);
			name = ShoeConverter;
			productName = ShoeConverter;
			productReference = 72D361601A1C0D97009A633E /* ShoeConverter.app */;
			productType = "com.apple.product-type.application";
		};
		72D361741A1C0D97009A633E /* ShoeConverterTests */ = {
			isa = PBXNativeTarget;
			buildConfigurationList = 72D361821A1C0D97009A633E /* Build configuration list for PBXNativeTarget "ShoeConverterTests" */;
			buildPhases = (
				72D361711A1C0D97009A633E /* Sources */,
				72D361721A1C0D97009A633E /* Frameworks */,
				72D361731A1C0D97009A633E /* Resources */,
			);
			buildRules = (
			);
			dependencies = (
				72D361771A1C0D97009A633E /* PBXTargetDependency */,
			);
			name = ShoeConverterTests;
			productName = ShoeConverterTests;
			productReference = 72D361751A1C0D97009A633E /* ShoeConverterTests.xctest */;
			productType = "com.apple.product-type.bundle.unit-test";
		};
/* End PBXNativeTarget section */

/* Begin PBXProject section */
		72D361581A1C0D97009A633E /* Project object */ = {
			isa = PBXProject;
			attributes = {
				LastUpgradeCheck = 0610;
				ORGANIZATIONNAME = Monteon;
				TargetAttributes = {
					72D3615F1A1C0D97009A633E = {
						CreatedOnToolsVersion = 6.1;
					};
					72D361741A1C0D97009A633E = {
						CreatedOnToolsVersion = 6.1;
						TestTargetID = 72D3615F1A1C0D97009A633E;
					};
				};
			};
			buildConfigurationList = 72D3615B1A1C0D97009A633E /* Build configuration list for PBXProject "ShoeConverter" */;
			compatibilityVersion = "Xcode 3.2";
			developmentRegion = English;
			hasScannedForEncodings = 0;
			knownRegions = (
				en,
				Base,
			);
			mainGroup = 72D361571A1C0D97009A633E;
			productRefGroup = 72D361611A1C0D97009A633E /* Products */;
			projectDirPath = "";
			projectRoot = "";
			targets = (
				72D3615F1A1C0D97009A633E /* ShoeConverter */,
				72D361741A1C0D97009A633E /* ShoeConverterTests */,
			);
		};
/* End PBXProject section */

/* Begin PBXResourcesBuildPhase section */
		72D3615E1A1C0D97009A633E /* Resources */ = {
			isa = PBXResourcesBuildPhase;
			buildActionMask = 2147483647;
			files = (
				72D3616B1A1C0D97009A633E /* Main.storyboard in Resources */,
				72D361701A1C0D97009A633E /* LaunchScreen.xib in Resources */,
				72D3616D1A1C0D97009A633E /* Images.xcassets in Resources */,
			);
			runOnlyForDeploymentPostprocessing = 0;
		};
		72D361731A1C0D97009A633E /* Resources */ = {
			isa = PBXResourcesBuildPhase;
			buildActionMask = 2147483647;
			files = (
			);
			runOnlyForDeploymentPostprocessing = 0;
		};
/* End PBXResourcesBuildPhase section */

/* Begin PBXSourcesBuildPhase section */
		72D3615C1A1C0D97009A633E /* Sources */ = {
			isa = PBXSourcesBuildPhase;
			buildActionMask = 2147483647;
			files = (
				72D361681A1C0D97009A633E /* ViewController.swift in Sources */,
				72D361661A1C0D97009A633E /* AppDelegate.swift in Sources */,
			);
			runOnlyForDeploymentPostprocessing = 0;
		};
		72D361711A1C0D97009A633E /* Sources */ = {
			isa = PBXSourcesBuildPhase;
			buildActionMask = 2147483647;
			files = (
				72D3617C1A1C0D97009A633E /* ShoeConverterTests.swift in Sources */,
			);
			runOnlyForDeploymentPostprocessing = 0;
		};
/* End PBXSourcesBuildPhase section */

/* Begin PBXTargetDependency section */
		72D361771A1C0D97009A633E /* PBXTargetDependency */ = {
			isa = PBXTargetDependency;
			target = 72D3615F1A1C0D97009A633E /* ShoeConverter */;
			targetProxy = 72D361761A1C0D97009A633E /* PBXContainerItemProxy */;
		};
/* End PBXTargetDependency section */

/* Begin PBXVariantGroup section */
		72D361691A1C0D97009A633E /* Main.storyboard */ = {
			isa = PBXVariantGroup;
			children = (
				72D3616A1A1C0D97009A633E /* Base */,
			);
			name = Main.storyboard;
			sourceTree = "<group>";
		};
		72D3616E1A1C0D97009A633E /* LaunchScreen.xib */ = {
			isa = PBXVariantGroup;
			children = (
				72D3616F1A1C0D97009A633E /* Base */,
			);
			name = LaunchScreen.xib;
			sourceTree = "<group>";
		};
/* End PBXVariantGroup section */

/* Begin XCBuildConfiguration section */
		72D3617D1A1C0D97009A633E /* Debug */ = {
			isa = XCBuildConfiguration;
			buildSettings = {
				ALWAYS_SEARCH_USER_PATHS = NO;
				CLANG_CXX_LANGUAGE_STANDARD = "gnu++0x";
				CLANG_CXX_LIBRARY = "libc++";
				CLANG_ENABLE_MODULES = YES;
				CLANG_ENABLE_OBJC_ARC = YES;
				CLANG_WARN_BOOL_CONVERSION = YES;
				CLANG_WARN_CONSTANT_CONVERSION = YES;
				CLANG_WARN_DIRECT_OBJC_ISA_USAGE = YES_ERROR;
				CLANG_WARN_EMPTY_BODY = YES;
				CLANG_WARN_ENUM_CONVERSION = YES;
				CLANG_WARN_INT_CONVERSION = YES;
				CLANG_WARN_OBJC_ROOT_CLASS = YES_ERROR;
				CLANG_WARN_UNREACHABLE_CODE = YES;
				CLANG_WARN__DUPLICATE_METHOD_MATCH = YES;
				"CODE_SIGN_IDENTITY[sdk=iphoneos*]" = "iPhone Developer";
				COPY_PHASE_STRIP = NO;
				ENABLE_STRICT_OBJC_MSGSEND = YES;
				GCC_C_LANGUAGE_STANDARD = gnu99;
				GCC_DYNAMIC_NO_PIC = NO;
				GCC_OPTIMIZATION_LEVEL = 0;
				GCC_PREPROCESSOR_DEFINITIONS = (
					"DEBUG=1",
					"$(inherited)",
				);
				GCC_SYMBOLS_PRIVATE_EXTERN = NO;
				GCC_WARN_64_TO_32_BIT_CONVERSION = YES;
				GCC_WARN_ABOUT_RETURN_TYPE = YES_ERROR;
				GCC_WARN_UNDECLARED_SELECTOR = YES;
				GCC_WARN_UNINITIALIZED_AUTOS = YES_AGGRESSIVE;
				GCC_WARN_UNUSED_FUNCTION = YES;
				GCC_WARN_UNUSED_VARIABLE = YES;
				IPHONEOS_DEPLOYMENT_TARGET = 8.1;
				MTL_ENABLE_DEBUG_INFO = YES;
				ONLY_ACTIVE_ARCH = YES;
				SDKROOT = iphoneos;
				SWIFT_OPTIMIZATION_LEVEL = "-Onone";
				TARGETED_DEVICE_FAMILY = "1,2";
			};
			name = Debug;
		};
		72D3617E1A1C0D97009A633E /* Release */ = {
			isa = XCBuildConfiguration;
			buildSettings = {
				ALWAYS_SEARCH_USER_PATHS = NO;
				CLANG_CXX_LANGUAGE_STANDARD = "gnu++0x";
				CLANG_CXX_LIBRARY = "libc++";
				CLANG_ENABLE_MODULES = YES;
				CLANG_ENABLE_OBJC_ARC = YES;
				CLANG_WARN_BOOL_CONVERSION = YES;
				CLANG_WARN_CONSTANT_CONVERSION = YES;
				CLANG_WARN_DIRECT_OBJC_ISA_USAGE = YES_ERROR;
				CLANG_WARN_EMPTY_BODY = YES;
				CLANG_WARN_ENUM_CONVERSION = YES;
				CLANG_WARN_INT_CONVERSION = YES;
				CLANG_WARN_OBJC_ROOT_CLASS = YES_ERROR;
				CLANG_WARN_UNREACHABLE_CODE = YES;
				CLANG_WARN__DUPLICATE_METHOD_MATCH = YES;
				"CODE_SIGN_IDENTITY[sdk=iphoneos*]" = "iPhone Developer";
				COPY_PHASE_STRIP = YES;
				ENABLE_NS_ASSERTIONS = NO;
				ENABLE_STRICT_OBJC_MSGSEND = YES;
				GCC_C_LANGUAGE_STANDARD = gnu99;
				GCC_WARN_64_TO_32_BIT_CONVERSION = YES;
				GCC_WARN_ABOUT_RETURN_TYPE = YES_ERROR;
				GCC_WARN_UNDECLARED_SELECTOR = YES;
				GCC_WARN_UNINITIALIZED_AUTOS = YES_AGGRESSIVE;
				GCC_WARN_UNUSED_FUNCTION = YES;
				GCC_WARN_UNUSED_VARIABLE = YES;
				IPHONEOS_DEPLOYMENT_TARGET = 8.1;
				MTL_ENABLE_DEBUG_INFO = NO;
				SDKROOT = iphoneos;
				TARGETED_DEVICE_FAMILY = "1,2";
				VALIDATE_PRODUCT = YES;
			};
			name = Release;
		};
		72D361801A1C0D97009A633E /* Debug */ = {
			isa = XCBuildConfiguration;
			buildSettings = {
				ASSETCATALOG_COMPILER_APPICON_NAME = AppIcon;
				INFOPLIST_FILE = ShoeConverter/Info.plist;
				LD_RUNPATH_SEARCH_PATHS = "$(inherited) @executable_path/Frameworks";
				PRODUCT_NAME = "$(TARGET_NAME)";
			};
			name = Debug;
		};
		72D361811A1C0D97009A633E /* Release */ = {
			isa = XCBuildConfiguration;
			buildSettings = {
				ASSETCATALOG_COMPILER_APPICON_NAME = AppIcon;
				INFOPLIST_FILE = ShoeConverter/Info.plist;
				LD_RUNPATH_SEARCH_PATHS = "$(inherited) @executable_path/Frameworks";
				PRODUCT_NAME = "$(TARGET_NAME)";
			};
			name = Release;
		};
		72D361831A1C0D97009A633E /* Debug */ = {
			isa = XCBuildConfiguration;
			buildSettings = {
				BUNDLE_LOADER = "$(TEST_HOST)";
				FRAMEWORK_SEARCH_PATHS = (
					"$(SDKROOT)/Developer/Library/Frameworks",
					"$(inherited)",
				);
				GCC_PREPROCESSOR_DEFINITIONS = (
					"DEBUG=1",
					"$(inherited)",
				);
				INFOPLIST_FILE = ShoeConverterTests/Info.plist;
				LD_RUNPATH_SEARCH_PATHS = "$(inherited) @executable_path/Frameworks @loader_path/Frameworks";
				PRODUCT_NAME = "$(TARGET_NAME)";
				TEST_HOST = "$(BUILT_PRODUCTS_DIR)/ShoeConverter.app/ShoeConverter";
			};
			name = Debug;
		};
		72D361841A1C0D97009A633E /* Release */ = {
			isa = XCBuildConfiguration;
			buildSettings = {
				BUNDLE_LOADER = "$(TEST_HOST)";
				FRAMEWORK_SEARCH_PATHS = (
					"$(SDKROOT)/Developer/Library/Frameworks",
					"$(inherited)",
				);
				INFOPLIST_FILE = ShoeConverterTests/Info.plist;
				LD_RUNPATH_SEARCH_PATHS = "$(inherited) @executable_path/Frameworks @loader_path/Frameworks";
				PRODUCT_NAME = "$(TARGET_NAME)";
				TEST_HOST = "$(BUILT_PRODUCTS_DIR)/ShoeConverter.app/ShoeConverter";
			};
			name = Release;
		};
/* End XCBuildConfiguration section */

/* Begin XCConfigurationList section */
		72D3615B1A1C0D97009A633E /* Build configuration list for PBXProject "ShoeConverter" */ = {
			isa = XCConfigurationList;
			buildConfigurations = (
				72D3617D1A1C0D97009A633E /* Debug */,
				72D3617E1A1C0D97009A633E /* Release */,
			);
			defaultConfigurationIsVisible = 0;
			defaultConfigurationName = Release;
		};
		72D3617F1A1C0D97009A633E /* Build configuration list for PBXNativeTarget "ShoeConverter" */ = {
			isa = XCConfigurationList;
			buildConfigurations = (
				72D361801A1C0D97009A633E /* Debug */,
				72D361811A1C0D97009A633E /* Release */,
			);
			defaultConfigurationIsVisible = 0;
		};
		72D361821A1C0D97009A633E /* Build configuration list for PBXNativeTarget "ShoeConverterTests" */ = {
			isa = XCConfigurationList;
			buildConfigurations = (
				72D361831A1C0D97009A633E /* Debug */,
				72D361841A1C0D97009A633E /* Release */,
			);
			defaultConfigurationIsVisible = 0;
		};
/* End XCConfigurationList section */
	};
	rootObject = 72D361581A1C0D97009A633E /* Project object */;
}
